
Microsoft Visual Studio Solution File, Format Version 12.00
# Visual Studio Version 16
VisualStudioVersion = 16.0.30804.86
MinimumVisualStudioVersion = 10.0.40219.1
Project("{FAE04EC0-301F-11D3-BF4B-00C04F79EFBC}") = "Excercise3", "Excercise3\Excercise3.csproj", "{DFA51167-F160-4F0B-BACD-76E8C5F4FC01}"
EndProject
Global
	GlobalSection(SolutionConfigurationPlatforms) = preSolution
		Debug|Any CPU = Debug|Any CPU
		Release|Any CPU = Release|Any CPU
	EndGlobalSection
	GlobalSection(ProjectConfigurationPlatforms) = postSolution
		{DFA51167-F160-4F0B-BACD-76E8C5F4FC01}.Debug|Any CPU.ActiveCfg = Debug|Any CPU
		{DFA51167-F160-4F0B-BACD-76E8C5F4FC01}.Debug|Any CPU.Build.0 = Debug|Any CPU
		{DFA51167-F160-4F0B-BACD-76E8C5F4FC01}.Release|Any CPU.ActiveCfg = Release|Any CPU
		{DFA51167-F160-4F0B-BACD-76E8C5F4FC01}.Release|Any CPU.Build.0 = Release|Any CPU
	EndGlobalSection
	GlobalSection(SolutionProperties) = preSolution
		HideSolutionNode = FALSE
	EndGlobalSection
	GlobalSection(ExtensibilityGlobals) = postSolution
		SolutionGuid = {C0F460C1-5CF9-4FCD-8242-8175282849A6}
	EndGlobalSection
EndGlobal
